PODS:
  - SwiftLint (0.40.0)
  - WaterfallGrid (0.4.0)

DEPENDENCIES:
  - SwiftLint
  - WaterfallGrid

SPEC REPOS:
  trunk:
    - SwiftLint
    - WaterfallGrid

SPEC CHECKSUMS:
  SwiftLint: 4154893c73a4c52d6240195507eb7a3e3c64087e
  WaterfallGrid: 568881d69470c0ffe635732dfafd859db1365989

PODFILE CHECKSUM: a3654a1adecbaa034e2689c3679d6b19efffe011

COCOAPODS: 1.8.4
